// !$*UTF8*$!
{
	archiveVersion = 1;
	classes = {
	};
	objectVersion = 56;
	objects = {

/* Begin PBXBuildFile section */
		8CC62D4C2BCD219F0002196D /* AppDelegate.swift in Sources */ = {isa = PBXBuildFile; fileRef = 8CC62D4B2BCD219F0002196D /* AppDelegate.swift */; };
		8CC62D4E2BCD219F0002196D /* SceneDelegate.swift in Sources */ = {isa = PBXBuildFile; fileRef = 8CC62D4D2BCD219F0002196D /* SceneDelegate.swift */; };
		8CC62D502BCD219F0002196D /* BudgetViewController.swift in Sources */ = {isa = PBXBuildFile; fileRef = 8CC62D4F2BCD219F0002196D /* BudgetViewController.swift */; };
		8CC62D552BCD21A10002196D /* Assets.xcassets in Resources */ = {isa = PBXBuildFile; fileRef = 8CC62D542BCD21A10002196D /* Assets.xcassets */; };
		8CC62D582BCD21A10002196D /* Base in Resources */ = {isa = PBXBuildFile; fileRef = 8CC62D572BCD21A10002196D /* Base */; };
		8CC62D7C2BCD25B90002196D /* WelcomeScreen.swift in Sources */ = {isa = PBXBuildFile; fileRef = 8CC62D7B2BCD25B90002196D /* WelcomeScreen.swift */; };
/* End PBXBuildFile section */

/* Begin PBXFileReference section */
		8CC62D482BCD219F0002196D /* Trackizer.app */ = {isa = PBXFileReference; explicitFileType = wrapper.application; includeInIndex = 0; path = Trackizer.app; sourceTree = BUILT_PRODUCTS_DIR; };
		8CC62D4B2BCD219F0002196D /* AppDelegate.swift */ = {isa = PBXFileReference; lastKnownFileType = sourcecode.swift; path = AppDelegate.swift; sourceTree = "<group>"; };
		8CC62D4D2BCD219F0002196D /* SceneDelegate.swift */ = {isa = PBXFileReference; lastKnownFileType = sourcecode.swift; path = SceneDelegate.swift; sourceTree = "<group>"; };
		8CC62D4F2BCD219F0002196D /* BudgetViewController.swift */ = {isa = PBXFileReference; lastKnownFileType = sourcecode.swift; path = BudgetViewController.swift; sourceTree = "<group>"; };
		8CC62D542BCD21A10002196D /* Assets.xcassets */ = {isa = PBXFileReference; lastKnownFileType = folder.assetcatalog; path = Assets.xcassets; sourceTree = "<group>"; };
		8CC62D572BCD21A10002196D /* Base */ = {isa = PBXFileReference; lastKnownFileType = file.storyboard; name = Base; path = Base.lproj/LaunchScreen.storyboard; sourceTree = "<group>"; };
		8CC62D592BCD21A10002196D /* Info.plist */ = {isa = PBXFileReference; lastKnownFileType = text.plist.xml; path = Info.plist; sourceTree = "<group>"; };
		8CC62D7B2BCD25B90002196D /* WelcomeScreen.swift */ = {isa = PBXFileReference; lastKnownFileType = sourcecode.swift; path = WelcomeScreen.swift; sourceTree = "<group>"; };
/* End PBXFileReference section */

/* Begin PBXFrameworksBuildPhase section */
		8CC62D452BCD219F0002196D /* Frameworks */ = {
			isa = PBXFrameworksBuildPhase;
			buildActionMask = 2147483647;
			files = (
			);
			runOnlyForDeploymentPostprocessing = 0;
		};
/* End PBXFrameworksBuildPhase section */

/* Begin PBXGroup section */
		8CC62D3F2BCD219F0002196D = {
			isa = PBXGroup;
			children = (
				8CC62D4A2BCD219F0002196D /* Trackizer */,
				8CC62D492BCD219F0002196D /* Products */,
			);
			sourceTree = "<group>";
		};
		8CC62D492BCD219F0002196D /* Products */ = {
			isa = PBXGroup;
			children = (
				8CC62D482BCD219F0002196D /* Trackizer.app */,
			);
			name = Products;
			sourceTree = "<group>";
		};
		8CC62D4A2BCD219F0002196D /* Trackizer */ = {
			isa = PBXGroup;
			children = (
				8CC62D7D2BCD26570002196D /* Helpers */,
				8CC62D602BCD21C40002196D /* Modules */,
				8CC62D5F2BCD21A50002196D /* Appilcation */,
				8CC62D652BCD222C0002196D /* Resources */,
			);
			path = Trackizer;
			sourceTree = "<group>";
		};
		8CC62D5F2BCD21A50002196D /* Appilcation */ = {
			isa = PBXGroup;
			children = (
				8CC62D4B2BCD219F0002196D /* AppDelegate.swift */,
				8CC62D4D2BCD219F0002196D /* SceneDelegate.swift */,
			);
			path = Appilcation;
			sourceTree = "<group>";
		};
		8CC62D602BCD21C40002196D /* Modules */ = {
			isa = PBXGroup;
			children = (
				8CC62D6C2BCD24820002196D /* WelcomeScreen */,
				8CC62D662BCD23E20002196D /* AuthorizationModule */,
				8CC62D6B2BCD246A0002196D /* ApplicationModule */,
			);
			path = Modules;
			sourceTree = "<group>";
		};
		8CC62D612BCD21D00002196D /* TabBarController */ = {
			isa = PBXGroup;
			children = (
				8CC62D742BCD252E0002196D /* CalendarScren */,
				8CC62D622BCD21DE0002196D /* BudgetScreen */,
				8CC62D732BCD24DB0002196D /* SubsScreen */,
			);
			path = TabBarController;
			sourceTree = "<group>";
		};
		8CC62D622BCD21DE0002196D /* BudgetScreen */ = {
			isa = PBXGroup;
			children = (
				8CC62D632BCD21EB0002196D /* Views */,
				8CC62D642BCD21F30002196D /* ViewModels */,
			);
			path = BudgetScreen;
			sourceTree = "<group>";
		};
		8CC62D632BCD21EB0002196D /* Views */ = {
			isa = PBXGroup;
			children = (
				8CC62D4F2BCD219F0002196D /* BudgetViewController.swift */,
			);
			path = Views;
			sourceTree = "<group>";
		};
		8CC62D642BCD21F30002196D /* ViewModels */ = {
			isa = PBXGroup;
			children = (
			);
			path = ViewModels;
			sourceTree = "<group>";
		};
		8CC62D652BCD222C0002196D /* Resources */ = {
			isa = PBXGroup;
			children = (
				8CC62D542BCD21A10002196D /* Assets.xcassets */,
				8CC62D562BCD21A10002196D /* LaunchScreen.storyboard */,
				8CC62D592BCD21A10002196D /* Info.plist */,
			);
			path = Resources;
			sourceTree = "<group>";
		};
		8CC62D662BCD23E20002196D /* AuthorizationModule */ = {
			isa = PBXGroup;
			children = (
				8CC62D672BCD24120002196D /* SigninController */,
				8CC62D682BCD24280002196D /* SignupController */,
				8CC62D692BCD24340002196D /* PasswordResetController */,
			);
			path = AuthorizationModule;
			sourceTree = "<group>";
		};
		8CC62D672BCD24120002196D /* SigninController */ = {
			isa = PBXGroup;
			children = (
				8CC62D6A2BCD24540002196D /* Views */,
				8CC62D6E2BCD24AA0002196D /* ViewModels */,
			);
			path = SigninController;
			sourceTree = "<group>";
		};
		8CC62D682BCD24280002196D /* SignupController */ = {
			isa = PBXGroup;
			children = (
				8CC62D6F2BCD24B40002196D /* Views */,
				8CC62D702BCD24B80002196D /* ViewModels */,
			);
			path = SignupController;
			sourceTree = "<group>";
		};
		8CC62D692BCD24340002196D /* PasswordResetController */ = {
			isa = PBXGroup;
			children = (
				8CC62D712BCD24C00002196D /* Views */,
				8CC62D722BCD24C70002196D /* ViewModels */,
			);
			path = PasswordResetController;
			sourceTree = "<group>";
		};
		8CC62D6A2BCD24540002196D /* Views */ = {
			isa = PBXGroup;
			children = (
			);
			path = Views;
			sourceTree = "<group>";
		};
		8CC62D6B2BCD246A0002196D /* ApplicationModule */ = {
			isa = PBXGroup;
			children = (
				8CC62D612BCD21D00002196D /* TabBarController */,
			);
			path = ApplicationModule;
			sourceTree = "<group>";
		};
		8CC62D6C2BCD24820002196D /* WelcomeScreen */ = {
			isa = PBXGroup;
			children = (
				8CC62D6D2BCD249E0002196D /* Views */,
			);
			path = WelcomeScreen;
			sourceTree = "<group>";
		};
		8CC62D6D2BCD249E0002196D /* Views */ = {
			isa = PBXGroup;
			children = (
				8CC62D7B2BCD25B90002196D /* WelcomeScreen.swift */,
			);
			path = Views;
			sourceTree = "<group>";
		};
		8CC62D6E2BCD24AA0002196D /* ViewModels */ = {
			isa = PBXGroup;
			children = (
			);
			path = ViewModels;
			sourceTree = "<group>";
		};
		8CC62D6F2BCD24B40002196D /* Views */ = {
			isa = PBXGroup;
			children = (
			);
			path = Views;
			sourceTree = "<group>";
		};
		8CC62D702BCD24B80002196D /* ViewModels */ = {
			isa = PBXGroup;
			children = (
			);
			path = ViewModels;
			sourceTree = "<group>";
		};
		8CC62D712BCD24C00002196D /* Views */ = {
			isa = PBXGroup;
			children = (
			);
			path = Views;
			sourceTree = "<group>";
		};
		8CC62D722BCD24C70002196D /* ViewModels */ = {
			isa = PBXGroup;
			children = (
			);
			path = ViewModels;
			sourceTree = "<group>";
		};
		8CC62D732BCD24DB0002196D /* SubsScreen */ = {
			isa = PBXGroup;
			children = (
				8CC62D782BCD25950002196D /* Views */,
				8CC62D792BCD25990002196D /* ViewModels */,
				8CC62D752BCD25520002196D /* AddNewSub */,
			);
			path = SubsScreen;
			sourceTree = "<group>";
		};
		8CC62D742BCD252E0002196D /* CalendarScren */ = {
			isa = PBXGroup;
			children = (
				8CC62D762BCD25830002196D /* Views */,
				8CC62D772BCD25880002196D /* ViewModels */,
			);
			path = CalendarScren;
			sourceTree = "<group>";
		};
		8CC62D752BCD25520002196D /* AddNewSub */ = {
			isa = PBXGroup;
			children = (
			);
			path = AddNewSub;
			sourceTree = "<group>";
		};
		8CC62D762BCD25830002196D /* Views */ = {
			isa = PBXGroup;
			children = (
			);
			path = Views;
			sourceTree = "<group>";
		};
		8CC62D772BCD25880002196D /* ViewModels */ = {
			isa = PBXGroup;
			children = (
			);
			path = ViewModels;
			sourceTree = "<group>";
		};
		8CC62D782BCD25950002196D /* Views */ = {
			isa = PBXGroup;
			children = (
			);
			path = Views;
			sourceTree = "<group>";
		};
		8CC62D792BCD25990002196D /* ViewModels */ = {
			isa = PBXGroup;
			children = (
			);
			path = ViewModels;
			sourceTree = "<group>";
		};
		8CC62D7D2BCD26570002196D /* Helpers */ = {
			isa = PBXGroup;
			children = (
			);
			path = Helpers;
			sourceTree = "<group>";
		};
/* End PBXGroup section */

/* Begin PBXNativeTarget section */
		8CC62D472BCD219F0002196D /* Trackizer */ = {
			isa = PBXNativeTarget;
			buildConfigurationList = 8CC62D5C2BCD21A10002196D /* Build configuration list for PBXNativeTarget "Trackizer" */;
			buildPhases = (
				8CC62D442BCD219F0002196D /* Sources */,
				8CC62D452BCD219F0002196D /* Frameworks */,
				8CC62D462BCD219F0002196D /* Resources */,
			);
			buildRules = (
			);
			dependencies = (
			);
			name = Trackizer;
			productName = Trackizer;
			productReference = 8CC62D482BCD219F0002196D /* Trackizer.app */;
			productType = "com.apple.product-type.application";
		};
/* End PBXNativeTarget section */

/* Begin PBXProject section */
		8CC62D402BCD219F0002196D /* Project object */ = {
			isa = PBXProject;
			attributes = {
				BuildIndependentTargetsInParallel = 1;
				LastSwiftUpdateCheck = 1530;
				LastUpgradeCheck = 1530;
				TargetAttributes = {
					8CC62D472BCD219F0002196D = {
						CreatedOnToolsVersion = 15.3;
					};
				};
			};
			buildConfigurationList = 8CC62D432BCD219F0002196D /* Build configuration list for PBXProject "Trackizer" */;
			compatibilityVersion = "Xcode 14.0";
			developmentRegion = en;
			hasScannedForEncodings = 0;
			knownRegions = (
				en,
				Base,
			);
			mainGroup = 8CC62D3F2BCD219F0002196D;
			productRefGroup = 8CC62D492BCD219F0002196D /* Products */;
			projectDirPath = "";
			projectRoot = "";
			targets = (
				8CC62D472BCD219F0002196D /* Trackizer */,
			);
		};
/* End PBXProject section */

/* Begin PBXResourcesBuildPhase section */
		8CC62D462BCD219F0002196D /* Resources */ = {
			isa = PBXResourcesBuildPhase;
			buildActionMask = 2147483647;
			files = (
				8CC62D552BCD21A10002196D /* Assets.xcassets in Resources */,
				8CC62D582BCD21A10002196D /* Base in Resources */,
			);
			runOnlyForDeploymentPostprocessing = 0;
		};
/* End PBXResourcesBuildPhase section */

/* Begin PBXSourcesBuildPhase section */
		8CC62D442BCD219F0002196D /* Sources */ = {
			isa = PBXSourcesBuildPhase;
			buildActionMask = 2147483647;
			files = (
				8CC62D502BCD219F0002196D /* BudgetViewController.swift in Sources */,
				8CC62D4C2BCD219F0002196D /* AppDelegate.swift in Sources */,
				8CC62D7C2BCD25B90002196D /* WelcomeScreen.swift in Sources */,
				8CC62D4E2BCD219F0002196D /* SceneDelegate.swift in Sources */,
			);
			runOnlyForDeploymentPostprocessing = 0;
		};
/* End PBXSourcesBuildPhase section */

/* Begin PBXVariantGroup section */
		8CC62D562BCD21A10002196D /* LaunchScreen.storyboard */ = {
			isa = PBXVariantGroup;
			children = (
				8CC62D572BCD21A10002196D /* Base */,
			);
			name = LaunchScreen.storyboard;
			sourceTree = "<group>";
		};
/* End PBXVariantGroup section */

/* Begin XCBuildConfiguration section */
		8CC62D5A2BCD21A10002196D /* Debug */ = {
			isa = XCBuildConfiguration;
			buildSettings = {
				ALWAYS_SEARCH_USER_PATHS = NO;
				ASSETCATALOG_COMPILER_GENERATE_SWIFT_ASSET_SYMBOL_EXTENSIONS = YES;
				CLANG_ANALYZER_NONNULL = YES;
				CLANG_ANALYZER_NUMBER_OBJECT_CONVERSION = YES_AGGRESSIVE;
				CLANG_CXX_LANGUAGE_STANDARD = "gnu++20";
				CLANG_ENABLE_MODULES = YES;
				CLANG_ENABLE_OBJC_ARC = YES;
				CLANG_ENABLE_OBJC_WEAK = YES;
				CLANG_WARN_BLOCK_CAPTURE_AUTORELEASING = YES;
				CLANG_WARN_BOOL_CONVERSION = YES;
				CLANG_WARN_COMMA = YES;
				CLANG_WARN_CONSTANT_CONVERSION = YES;
				CLANG_WARN_DEPRECATED_OBJC_IMPLEMENTATIONS = YES;
				CLANG_WARN_DIRECT_OBJC_ISA_USAGE = YES_ERROR;
				CLANG_WARN_DOCUMENTATION_COMMENTS = YES;
				CLANG_WARN_EMPTY_BODY = YES;
				CLANG_WARN_ENUM_CONVERSION = YES;
				CLANG_WARN_INFINITE_RECURSION = YES;
				CLANG_WARN_INT_CONVERSION = YES;
				CLANG_WARN_NON_LITERAL_NULL_CONVERSION = YES;
				CLANG_WARN_OBJC_IMPLICIT_RETAIN_SELF = YES;
				CLANG_WARN_OBJC_LITERAL_CONVERSION = YES;
				CLANG_WARN_OBJC_ROOT_CLASS = YES_ERROR;
				CLANG_WARN_QUOTED_INCLUDE_IN_FRAMEWORK_HEADER = YES;
				CLANG_WARN_RANGE_LOOP_ANALYSIS = YES;
				CLANG_WARN_STRICT_PROTOTYPES = YES;
				CLANG_WARN_SUSPICIOUS_MOVE = YES;
				CLANG_WARN_UNGUARDED_AVAILABILITY = YES_AGGRESSIVE;
				CLANG_WARN_UNREACHABLE_CODE = YES;
				CLANG_WARN__DUPLICATE_METHOD_MATCH = YES;
				COPY_PHASE_STRIP = NO;
				DEBUG_INFORMATION_FORMAT = dwarf;
				ENABLE_STRICT_OBJC_MSGSEND = YES;
				ENABLE_TESTABILITY = YES;
				ENABLE_USER_SCRIPT_SANDBOXING = YES;
				GCC_C_LANGUAGE_STANDARD = gnu17;
				GCC_DYNAMIC_NO_PIC = NO;
				GCC_NO_COMMON_BLOCKS = YES;
				GCC_OPTIMIZATION_LEVEL = 0;
				GCC_PREPROCESSOR_DEFINITIONS = (
					"DEBUG=1",
					"$(inherited)",
				);
				GCC_WARN_64_TO_32_BIT_CONVERSION = YES;
				GCC_WARN_ABOUT_RETURN_TYPE = YES_ERROR;
				GCC_WARN_UNDECLARED_SELECTOR = YES;
				GCC_WARN_UNINITIALIZED_AUTOS = YES_AGGRESSIVE;
				GCC_WARN_UNUSED_FUNCTION = YES;
				GCC_WARN_UNUSED_VARIABLE = YES;
				IPHONEOS_DEPLOYMENT_TARGET = 17.4;
				LOCALIZATION_PREFERS_STRING_CATALOGS = YES;
				MTL_ENABLE_DEBUG_INFO = INCLUDE_SOURCE;
				MTL_FAST_MATH = YES;
				ONLY_ACTIVE_ARCH = YES;
				SDKROOT = iphoneos;
				SWIFT_ACTIVE_COMPILATION_CONDITIONS = "DEBUG $(inherited)";
				SWIFT_OPTIMIZATION_LEVEL = "-Onone";
			};
			name = Debug;
		};
		8CC62D5B2BCD21A10002196D /* Release */ = {
			isa = XCBuildConfiguration;
			buildSettings = {
				ALWAYS_SEARCH_USER_PATHS = NO;
				ASSETCATALOG_COMPILER_GENERATE_SWIFT_ASSET_SYMBOL_EXTENSIONS = YES;
				CLANG_ANALYZER_NONNULL = YES;
				CLANG_ANALYZER_NUMBER_OBJECT_CONVERSION = YES_AGGRESSIVE;
				CLANG_CXX_LANGUAGE_STANDARD = "gnu++20";
				CLANG_ENABLE_MODULES = YES;
				CLANG_ENABLE_OBJC_ARC = YES;
				CLANG_ENABLE_OBJC_WEAK = YES;
				CLANG_WARN_BLOCK_CAPTURE_AUTORELEASING = YES;
				CLANG_WARN_BOOL_CONVERSION = YES;
				CLANG_WARN_COMMA = YES;
				CLANG_WARN_CONSTANT_CONVERSION = YES;
				CLANG_WARN_DEPRECATED_OBJC_IMPLEMENTATIONS = YES;
				CLANG_WARN_DIRECT_OBJC_ISA_USAGE = YES_ERROR;
				CLANG_WARN_DOCUMENTATION_COMMENTS = YES;
				CLANG_WARN_EMPTY_BODY = YES;
				CLANG_WARN_ENUM_CONVERSION = YES;
				CLANG_WARN_INFINITE_RECURSION = YES;
				CLANG_WARN_INT_CONVERSION = YES;
				CLANG_WARN_NON_LITERAL_NULL_CONVERSION = YES;
				CLANG_WARN_OBJC_IMPLICIT_RETAIN_SELF = YES;
				CLANG_WARN_OBJC_LITERAL_CONVERSION = YES;
				CLANG_WARN_OBJC_ROOT_CLASS = YES_ERROR;
				CLANG_WARN_QUOTED_INCLUDE_IN_FRAMEWORK_HEADER = YES;
				CLANG_WARN_RANGE_LOOP_ANALYSIS = YES;
				CLANG_WARN_STRICT_PROTOTYPES = YES;
				CLANG_WARN_SUSPICIOUS_MOVE = YES;
				CLANG_WARN_UNGUARDED_AVAILABILITY = YES_AGGRESSIVE;
				CLANG_WARN_UNREACHABLE_CODE = YES;
				CLANG_WARN__DUPLICATE_METHOD_MATCH = YES;
				COPY_PHASE_STRIP = NO;
				DEBUG_INFORMATION_FORMAT = "dwarf-with-dsym";
				ENABLE_NS_ASSERTIONS = NO;
				ENABLE_STRICT_OBJC_MSGSEND = YES;
				ENABLE_USER_SCRIPT_SANDBOXING = YES;
				GCC_C_LANGUAGE_STANDARD = gnu17;
				GCC_NO_COMMON_BLOCKS = YES;
				GCC_WARN_64_TO_32_BIT_CONVERSION = YES;
				GCC_WARN_ABOUT_RETURN_TYPE = YES_ERROR;
				GCC_WARN_UNDECLARED_SELECTOR = YES;
				GCC_WARN_UNINITIALIZED_AUTOS = YES_AGGRESSIVE;
				GCC_WARN_UNUSED_FUNCTION = YES;
				GCC_WARN_UNUSED_VARIABLE = YES;
				IPHONEOS_DEPLOYMENT_TARGET = 17.4;
				LOCALIZATION_PREFERS_STRING_CATALOGS = YES;
				MTL_ENABLE_DEBUG_INFO = NO;
				MTL_FAST_MATH = YES;
				SDKROOT = iphoneos;
				SWIFT_COMPILATION_MODE = wholemodule;
				VALIDATE_PRODUCT = YES;
			};
			name = Release;
		};
		8CC62D5D2BCD21A10002196D /* Debug */ = {
			isa = XCBuildConfiguration;
			buildSettings = {
				ASSETCATALOG_COMPILER_APPICON_NAME = AppIcon;
				ASSETCATALOG_COMPILER_GLOBAL_ACCENT_COLOR_NAME = AccentColor;
				CODE_SIGN_STYLE = Automatic;
				CURRENT_PROJECT_VERSION = 1;
				DEVELOPMENT_TEAM = B8GS4783WX;
				GENERATE_INFOPLIST_FILE = YES;
				INFOPLIST_FILE = Trackizer/Resources/Info.plist;
				INFOPLIST_KEY_UIApplicationSupportsIndirectInputEvents = YES;
				INFOPLIST_KEY_UILaunchStoryboardName = LaunchScreen;
				INFOPLIST_KEY_UIStatusBarStyle = UIStatusBarStyleDarkContent;
				INFOPLIST_KEY_UISupportedInterfaceOrientations = UIInterfaceOrientationPortrait;
				INFOPLIST_KEY_UISupportedInterfaceOrientations_iPad = "UIInterfaceOrientationLandscapeLeft UIInterfaceOrientationLandscapeRight UIInterfaceOrientationPortraitUpsideDown";
				LD_RUNPATH_SEARCH_PATHS = (
					"$(inherited)",
					"@executable_path/Frameworks",
				);
				MARKETING_VERSION = 1.0;
				PRODUCT_BUNDLE_IDENTIFIER = AA.Trackizer;
				PRODUCT_NAME = "$(TARGET_NAME)";
				SUPPORTED_PLATFORMS = "iphoneos iphonesimulator";
				SUPPORTS_MACCATALYST = NO;
				SUPPORTS_MAC_DESIGNED_FOR_IPHONE_IPAD = NO;
				SUPPORTS_XR_DESIGNED_FOR_IPHONE_IPAD = NO;
				SWIFT_EMIT_LOC_STRINGS = YES;
				SWIFT_VERSION = 5.0;
				TARGETED_DEVICE_FAMILY = 1;
			};
			name = Debug;
		};
		8CC62D5E2BCD21A10002196D /* Release */ = {
			isa = XCBuildConfiguration;
			buildSettings = {
				ASSETCATALOG_COMPILER_APPICON_NAME = AppIcon;
				ASSETCATALOG_COMPILER_GLOBAL_ACCENT_COLOR_NAME = AccentColor;
				CODE_SIGN_STYLE = Automatic;
				CURRENT_PROJECT_VERSION = 1;
				DEVELOPMENT_TEAM = B8GS4783WX;
				GENERATE_INFOPLIST_FILE = YES;
				INFOPLIST_FILE = Trackizer/Resources/Info.plist;
				INFOPLIST_KEY_UIApplicationSupportsIndirectInputEvents = YES;
				INFOPLIST_KEY_UILaunchStoryboardName = LaunchScreen;
				INFOPLIST_KEY_UIStatusBarStyle = UIStatusBarStyleDarkContent;
				INFOPLIST_KEY_UISupportedInterfaceOrientations = UIInterfaceOrientationPortrait;
				INFOPLIST_KEY_UISupportedInterfaceOrientations_iPad = "UIInterfaceOrientationLandscapeLeft UIInterfaceOrientationLandscapeRight UIInterfaceOrientationPortraitUpsideDown";
				LD_RUNPATH_SEARCH_PATHS = (
					"$(inherited)",
					"@executable_path/Frameworks",
				);
				MARKETING_VERSION = 1.0;
				PRODUCT_BUNDLE_IDENTIFIER = AA.Trackizer;
				PRODUCT_NAME = "$(TARGET_NAME)";
				SUPPORTED_PLATFORMS = "iphoneos iphonesimulator";
				SUPPORTS_MACCATALYST = NO;
				SUPPORTS_MAC_DESIGNED_FOR_IPHONE_IPAD = NO;
				SUPPORTS_XR_DESIGNED_FOR_IPHONE_IPAD = NO;
				SWIFT_EMIT_LOC_STRINGS = YES;
				SWIFT_VERSION = 5.0;
				TARGETED_DEVICE_FAMILY = 1;
			};
			name = Release;
		};
/* End XCBuildConfiguration section */

/* Begin XCConfigurationList section */
		8CC62D432BCD219F0002196D /* Build configuration list for PBXProject "Trackizer" */ = {
			isa = XCConfigurationList;
			buildConfigurations = (
				8CC62D5A2BCD21A10002196D /* Debug */,
				8CC62D5B2BCD21A10002196D /* Release */,
			);
			defaultConfigurationIsVisible = 0;
			defaultConfigurationName = Release;
		};
		8CC62D5C2BCD21A10002196D /* Build configuration list for PBXNativeTarget "Trackizer" */ = {
			isa = XCConfigurationList;
			buildConfigurations = (
				8CC62D5D2BCD21A10002196D /* Debug */,
				8CC62D5E2BCD21A10002196D /* Release */,
			);
			defaultConfigurationIsVisible = 0;
			defaultConfigurationName = Release;
		};
/* End XCConfigurationList section */
	};
	rootObject = 8CC62D402BCD219F0002196D /* Project object */;
}
