// !$*UTF8*$!
{
	archiveVersion = 1;
	classes = {
	};
	objectVersion = 56;
	objects = {

/* Begin PBXBuildFile section */
		565993DC3F9FD792187C6956 /* Pods_Trackizer.framework in Frameworks */ = {isa = PBXBuildFile; fileRef = 23D7C56AAFD2778D42FAC7B2 /* Pods_Trackizer.framework */; };
		8C1F197D2BE82D98002513D8 /* OtherExtensions.swift in Sources */ = {isa = PBXBuildFile; fileRef = 8C1F197C2BE82D98002513D8 /* OtherExtensions.swift */; };
		8C1F197F2BEA32B9002513D8 /* CategoryCell+Extensons.swift in Sources */ = {isa = PBXBuildFile; fileRef = 8C1F197E2BEA32B9002513D8 /* CategoryCell+Extensons.swift */; };
		8C1F19822BEAE279002513D8 /* AddSpendsViewController.swift in Sources */ = {isa = PBXBuildFile; fileRef = 8C1F19812BEAE279002513D8 /* AddSpendsViewController.swift */; };
		8C85EA222BE3DA0F00832111 /* CategorieCell.swift in Sources */ = {isa = PBXBuildFile; fileRef = 8C85EA212BE3DA0F00832111 /* CategorieCell.swift */; };
		8C8E6B332BE0F8370040977D /* AuthService.swift in Sources */ = {isa = PBXBuildFile; fileRef = 8C8E6B322BE0F8370040977D /* AuthService.swift */; };
		8C8E6B372BE0F9FC0040977D /* AuthModel.swift in Sources */ = {isa = PBXBuildFile; fileRef = 8C8E6B362BE0F9FC0040977D /* AuthModel.swift */; };
		8C8E6B392BE299EB0040977D /* ValidationManager.swift in Sources */ = {isa = PBXBuildFile; fileRef = 8C8E6B382BE299EB0040977D /* ValidationManager.swift */; };
		8C8E6B3B2BE29DAB0040977D /* SigninViewModel.swift in Sources */ = {isa = PBXBuildFile; fileRef = 8C8E6B3A2BE29DAB0040977D /* SigninViewModel.swift */; };
		8C9297242BE7B67A004FE8E1 /* IncomeViewController.swift in Sources */ = {isa = PBXBuildFile; fileRef = 8C9297232BE7B67A004FE8E1 /* IncomeViewController.swift */; };
		8CA2E1322BE3BA500093A0BA /* MainTabarController.swift in Sources */ = {isa = PBXBuildFile; fileRef = 8CA2E1312BE3BA500093A0BA /* MainTabarController.swift */; };
		8CA2E1342BE3BBAE0093A0BA /* SubsViewController.swift in Sources */ = {isa = PBXBuildFile; fileRef = 8CA2E1332BE3BBAE0093A0BA /* SubsViewController.swift */; };
		8CA2E1372BE3BC230093A0BA /* CalendarViewController.swift in Sources */ = {isa = PBXBuildFile; fileRef = 8CA2E1362BE3BC230093A0BA /* CalendarViewController.swift */; };
		8CC62D4C2BCD219F0002196D /* AppDelegate.swift in Sources */ = {isa = PBXBuildFile; fileRef = 8CC62D4B2BCD219F0002196D /* AppDelegate.swift */; };
		8CC62D4E2BCD219F0002196D /* SceneDelegate.swift in Sources */ = {isa = PBXBuildFile; fileRef = 8CC62D4D2BCD219F0002196D /* SceneDelegate.swift */; };
		8CC62D502BCD219F0002196D /* BudgetViewController.swift in Sources */ = {isa = PBXBuildFile; fileRef = 8CC62D4F2BCD219F0002196D /* BudgetViewController.swift */; };
		8CC62D552BCD21A10002196D /* Assets.xcassets in Resources */ = {isa = PBXBuildFile; fileRef = 8CC62D542BCD21A10002196D /* Assets.xcassets */; };
		8CC62D582BCD21A10002196D /* Base in Resources */ = {isa = PBXBuildFile; fileRef = 8CC62D572BCD21A10002196D /* Base */; };
		8CC62D7C2BCD25B90002196D /* WelcomeScreen.swift in Sources */ = {isa = PBXBuildFile; fileRef = 8CC62D7B2BCD25B90002196D /* WelcomeScreen.swift */; };
		8CC62D812BCD32AD0002196D /* UIColor+Extensions.swift in Sources */ = {isa = PBXBuildFile; fileRef = 8CC62D802BCD32AD0002196D /* UIColor+Extensions.swift */; };
		8CC62D832BCD41B30002196D /* BackgroundView.swift in Sources */ = {isa = PBXBuildFile; fileRef = 8CC62D822BCD41B30002196D /* BackgroundView.swift */; };
		8CDACA032BD5239A00BADFC9 /* SigninViewController.swift in Sources */ = {isa = PBXBuildFile; fileRef = 8CDACA022BD5239A00BADFC9 /* SigninViewController.swift */; };
		8CDACA052BD524A500BADFC9 /* SignupViewController.swift in Sources */ = {isa = PBXBuildFile; fileRef = 8CDACA042BD524A500BADFC9 /* SignupViewController.swift */; };
		8CDACA072BD525AD00BADFC9 /* UIViewController+Extensions.swift in Sources */ = {isa = PBXBuildFile; fileRef = 8CDACA062BD525AD00BADFC9 /* UIViewController+Extensions.swift */; };
		8CDACA092BDB9E3000BADFC9 /* PasswordResetController.swift in Sources */ = {isa = PBXBuildFile; fileRef = 8CDACA082BDB9E3000BADFC9 /* PasswordResetController.swift */; };
		8CDACA0B2BDCE0DC00BADFC9 /* UINavigationController+Extnesions.swift in Sources */ = {isa = PBXBuildFile; fileRef = 8CDACA0A2BDCE0DC00BADFC9 /* UINavigationController+Extnesions.swift */; };
		8CDACA0D2BDCF3D000BADFC9 /* WebViewerController.swift in Sources */ = {isa = PBXBuildFile; fileRef = 8CDACA0C2BDCF3D000BADFC9 /* WebViewerController.swift */; };
		8CDACA102BDD35DC00BADFC9 /* AlertManager.swift in Sources */ = {isa = PBXBuildFile; fileRef = 8CDACA0F2BDD35DC00BADFC9 /* AlertManager.swift */; };
		8CDACA122BE0E6F000BADFC9 /* GoogleService-Info.plist in Resources */ = {isa = PBXBuildFile; fileRef = 8CDACA112BE0E6F000BADFC9 /* GoogleService-Info.plist */; };
/* End PBXBuildFile section */

/* Begin PBXFileReference section */
		14065D4B0B30DE62C75376E5 /* Pods-Trackizer.debug.xcconfig */ = {isa = PBXFileReference; includeInIndex = 1; lastKnownFileType = text.xcconfig; name = "Pods-Trackizer.debug.xcconfig"; path = "Target Support Files/Pods-Trackizer/Pods-Trackizer.debug.xcconfig"; sourceTree = "<group>"; };
		23D7C56AAFD2778D42FAC7B2 /* Pods_Trackizer.framework */ = {isa = PBXFileReference; explicitFileType = wrapper.framework; includeInIndex = 0; path = Pods_Trackizer.framework; sourceTree = BUILT_PRODUCTS_DIR; };
		8C1F197C2BE82D98002513D8 /* OtherExtensions.swift */ = {isa = PBXFileReference; lastKnownFileType = sourcecode.swift; path = OtherExtensions.swift; sourceTree = "<group>"; };
		8C1F197E2BEA32B9002513D8 /* CategoryCell+Extensons.swift */ = {isa = PBXFileReference; lastKnownFileType = sourcecode.swift; path = "CategoryCell+Extensons.swift"; sourceTree = "<group>"; };
		8C1F19812BEAE279002513D8 /* AddSpendsViewController.swift */ = {isa = PBXFileReference; lastKnownFileType = sourcecode.swift; path = AddSpendsViewController.swift; sourceTree = "<group>"; };
		8C85EA212BE3DA0F00832111 /* CategorieCell.swift */ = {isa = PBXFileReference; lastKnownFileType = sourcecode.swift; path = CategorieCell.swift; sourceTree = "<group>"; };
		8C8E6B322BE0F8370040977D /* AuthService.swift */ = {isa = PBXFileReference; lastKnownFileType = sourcecode.swift; path = AuthService.swift; sourceTree = "<group>"; };
		8C8E6B362BE0F9FC0040977D /* AuthModel.swift */ = {isa = PBXFileReference; lastKnownFileType = sourcecode.swift; path = AuthModel.swift; sourceTree = "<group>"; };
		8C8E6B382BE299EB0040977D /* ValidationManager.swift */ = {isa = PBXFileReference; lastKnownFileType = sourcecode.swift; path = ValidationManager.swift; sourceTree = "<group>"; };
		8C8E6B3A2BE29DAB0040977D /* SigninViewModel.swift */ = {isa = PBXFileReference; lastKnownFileType = sourcecode.swift; path = SigninViewModel.swift; sourceTree = "<group>"; };
		8C9297232BE7B67A004FE8E1 /* IncomeViewController.swift */ = {isa = PBXFileReference; lastKnownFileType = sourcecode.swift; path = IncomeViewController.swift; sourceTree = "<group>"; };
		8CA2E1312BE3BA500093A0BA /* MainTabarController.swift */ = {isa = PBXFileReference; lastKnownFileType = sourcecode.swift; path = MainTabarController.swift; sourceTree = SOURCE_ROOT; };
		8CA2E1332BE3BBAE0093A0BA /* SubsViewController.swift */ = {isa = PBXFileReference; lastKnownFileType = sourcecode.swift; name = SubsViewController.swift; path = Trackizer/SubsViewController.swift; sourceTree = SOURCE_ROOT; };
		8CA2E1362BE3BC230093A0BA /* CalendarViewController.swift */ = {isa = PBXFileReference; lastKnownFileType = sourcecode.swift; path = CalendarViewController.swift; sourceTree = "<group>"; };
		8CC62D482BCD219F0002196D /* Trackizer.app */ = {isa = PBXFileReference; explicitFileType = wrapper.application; includeInIndex = 0; path = Trackizer.app; sourceTree = BUILT_PRODUCTS_DIR; };
		8CC62D4B2BCD219F0002196D /* AppDelegate.swift */ = {isa = PBXFileReference; lastKnownFileType = sourcecode.swift; path = AppDelegate.swift; sourceTree = "<group>"; };
		8CC62D4D2BCD219F0002196D /* SceneDelegate.swift */ = {isa = PBXFileReference; lastKnownFileType = sourcecode.swift; path = SceneDelegate.swift; sourceTree = "<group>"; };
		8CC62D4F2BCD219F0002196D /* BudgetViewController.swift */ = {isa = PBXFileReference; lastKnownFileType = sourcecode.swift; path = BudgetViewController.swift; sourceTree = "<group>"; };
		8CC62D542BCD21A10002196D /* Assets.xcassets */ = {isa = PBXFileReference; lastKnownFileType = folder.assetcatalog; path = Assets.xcassets; sourceTree = "<group>"; };
		8CC62D572BCD21A10002196D /* Base */ = {isa = PBXFileReference; lastKnownFileType = file.storyboard; name = Base; path = Base.lproj/LaunchScreen.storyboard; sourceTree = "<group>"; };
		8CC62D592BCD21A10002196D /* Info.plist */ = {isa = PBXFileReference; lastKnownFileType = text.plist.xml; path = Info.plist; sourceTree = "<group>"; };
		8CC62D7B2BCD25B90002196D /* WelcomeScreen.swift */ = {isa = PBXFileReference; lastKnownFileType = sourcecode.swift; path = WelcomeScreen.swift; sourceTree = "<group>"; };
		8CC62D802BCD32AD0002196D /* UIColor+Extensions.swift */ = {isa = PBXFileReference; lastKnownFileType = sourcecode.swift; path = "UIColor+Extensions.swift"; sourceTree = "<group>"; };
		8CC62D822BCD41B30002196D /* BackgroundView.swift */ = {isa = PBXFileReference; lastKnownFileType = sourcecode.swift; path = BackgroundView.swift; sourceTree = "<group>"; };
		8CDACA022BD5239A00BADFC9 /* SigninViewController.swift */ = {isa = PBXFileReference; lastKnownFileType = sourcecode.swift; path = SigninViewController.swift; sourceTree = "<group>"; };
		8CDACA042BD524A500BADFC9 /* SignupViewController.swift */ = {isa = PBXFileReference; lastKnownFileType = sourcecode.swift; path = SignupViewController.swift; sourceTree = "<group>"; };
		8CDACA062BD525AD00BADFC9 /* UIViewController+Extensions.swift */ = {isa = PBXFileReference; lastKnownFileType = sourcecode.swift; path = "UIViewController+Extensions.swift"; sourceTree = "<group>"; };
		8CDACA082BDB9E3000BADFC9 /* PasswordResetController.swift */ = {isa = PBXFileReference; lastKnownFileType = sourcecode.swift; path = PasswordResetController.swift; sourceTree = "<group>"; };
		8CDACA0A2BDCE0DC00BADFC9 /* UINavigationController+Extnesions.swift */ = {isa = PBXFileReference; lastKnownFileType = sourcecode.swift; path = "UINavigationController+Extnesions.swift"; sourceTree = "<group>"; };
		8CDACA0C2BDCF3D000BADFC9 /* WebViewerController.swift */ = {isa = PBXFileReference; lastKnownFileType = sourcecode.swift; path = WebViewerController.swift; sourceTree = "<group>"; };
		8CDACA0F2BDD35DC00BADFC9 /* AlertManager.swift */ = {isa = PBXFileReference; lastKnownFileType = sourcecode.swift; path = AlertManager.swift; sourceTree = "<group>"; };
		8CDACA112BE0E6F000BADFC9 /* GoogleService-Info.plist */ = {isa = PBXFileReference; fileEncoding = 4; lastKnownFileType = text.plist.xml; path = "GoogleService-Info.plist"; sourceTree = "<group>"; };
		B273BA65B2EACD31773CD1CD /* Pods-Trackizer.release.xcconfig */ = {isa = PBXFileReference; includeInIndex = 1; lastKnownFileType = text.xcconfig; name = "Pods-Trackizer.release.xcconfig"; path = "Target Support Files/Pods-Trackizer/Pods-Trackizer.release.xcconfig"; sourceTree = "<group>"; };
/* End PBXFileReference section */

/* Begin PBXFrameworksBuildPhase section */
		8CC62D452BCD219F0002196D /* Frameworks */ = {
			isa = PBXFrameworksBuildPhase;
			buildActionMask = 2147483647;
			files = (
				565993DC3F9FD792187C6956 /* Pods_Trackizer.framework in Frameworks */,
			);
			runOnlyForDeploymentPostprocessing = 0;
		};
/* End PBXFrameworksBuildPhase section */

/* Begin PBXGroup section */
		63F888AC3653DE5E73295E3A /* Pods */ = {
			isa = PBXGroup;
			children = (
				14065D4B0B30DE62C75376E5 /* Pods-Trackizer.debug.xcconfig */,
				B273BA65B2EACD31773CD1CD /* Pods-Trackizer.release.xcconfig */,
			);
			path = Pods;
			sourceTree = "<group>";
		};
		8C1F19802BEAE254002513D8 /* AddSpendsScreen */ = {
			isa = PBXGroup;
			children = (
				8C1F19832BEAEC33002513D8 /* Views */,
			);
			path = AddSpendsScreen;
			sourceTree = "<group>";
		};
		8C1F19832BEAEC33002513D8 /* Views */ = {
			isa = PBXGroup;
			children = (
				8C1F19812BEAE279002513D8 /* AddSpendsViewController.swift */,
			);
			path = Views;
			sourceTree = "<group>";
		};
		8C8E6B342BE0F8600040977D /* to-name */ = {
			isa = PBXGroup;
			children = (
			);
			path = "to-name";
			sourceTree = "<group>";
		};
		8C8E6B352BE0F9F00040977D /* Models */ = {
			isa = PBXGroup;
			children = (
				8C8E6B362BE0F9FC0040977D /* AuthModel.swift */,
			);
			path = Models;
			sourceTree = "<group>";
		};
		8C9297222BE7B648004FE8E1 /* IncomeScreen */ = {
			isa = PBXGroup;
			children = (
				8C9297232BE7B67A004FE8E1 /* IncomeViewController.swift */,
			);
			path = IncomeScreen;
			sourceTree = "<group>";
		};
		8CC62D3F2BCD219F0002196D = {
			isa = PBXGroup;
			children = (
				8CC62D4A2BCD219F0002196D /* Trackizer */,
				8CC62D492BCD219F0002196D /* Products */,
				63F888AC3653DE5E73295E3A /* Pods */,
				9BE68C6DB9AE13A2C6993CCA /* Frameworks */,
			);
			sourceTree = "<group>";
		};
		8CC62D492BCD219F0002196D /* Products */ = {
			isa = PBXGroup;
			children = (
				8CC62D482BCD219F0002196D /* Trackizer.app */,
			);
			name = Products;
			sourceTree = "<group>";
		};
		8CC62D4A2BCD219F0002196D /* Trackizer */ = {
			isa = PBXGroup;
			children = (
				8C8E6B342BE0F8600040977D /* to-name */,
				8C8E6B352BE0F9F00040977D /* Models */,
				8CDACA0E2BDD35C300BADFC9 /* Managers */,
				8CC62D7D2BCD26570002196D /* Helpers */,
				8CC62D602BCD21C40002196D /* Modules */,
				8CC62D5F2BCD21A50002196D /* Appilcation */,
				8CC62D652BCD222C0002196D /* Resources */,
			);
			path = Trackizer;
			sourceTree = "<group>";
		};
		8CC62D5F2BCD21A50002196D /* Appilcation */ = {
			isa = PBXGroup;
			children = (
				8CC62D4B2BCD219F0002196D /* AppDelegate.swift */,
				8CC62D4D2BCD219F0002196D /* SceneDelegate.swift */,
			);
			path = Appilcation;
			sourceTree = "<group>";
		};
		8CC62D602BCD21C40002196D /* Modules */ = {
			isa = PBXGroup;
			children = (
				8CC62D6C2BCD24820002196D /* WelcomeScreen */,
				8CC62D662BCD23E20002196D /* AuthorizationModule */,
				8CC62D6B2BCD246A0002196D /* ApplicationModule */,
			);
			path = Modules;
			sourceTree = "<group>";
		};
		8CC62D612BCD21D00002196D /* TabBarController */ = {
			isa = PBXGroup;
			children = (
				8CA2E1312BE3BA500093A0BA /* MainTabarController.swift */,
				8C9297222BE7B648004FE8E1 /* IncomeScreen */,
				8CC62D622BCD21DE0002196D /* BudgetScreen */,
				8CC62D732BCD24DB0002196D /* SubsScreen */,
				8CC62D742BCD252E0002196D /* CalendarScren */,
			);
			path = TabBarController;
			sourceTree = "<group>";
		};
		8CC62D622BCD21DE0002196D /* BudgetScreen */ = {
			isa = PBXGroup;
			children = (
				8C1F19802BEAE254002513D8 /* AddSpendsScreen */,
				8CC62D632BCD21EB0002196D /* Views */,
				8CC62D642BCD21F30002196D /* ViewModels */,
			);
			path = BudgetScreen;
			sourceTree = "<group>";
		};
		8CC62D632BCD21EB0002196D /* Views */ = {
			isa = PBXGroup;
			children = (
				8CC62D4F2BCD219F0002196D /* BudgetViewController.swift */,
				8C85EA212BE3DA0F00832111 /* CategorieCell.swift */,
			);
			path = Views;
			sourceTree = "<group>";
		};
		8CC62D642BCD21F30002196D /* ViewModels */ = {
			isa = PBXGroup;
			children = (
			);
			path = ViewModels;
			sourceTree = "<group>";
		};
		8CC62D652BCD222C0002196D /* Resources */ = {
			isa = PBXGroup;
			children = (
				8CDACA112BE0E6F000BADFC9 /* GoogleService-Info.plist */,
				8CC62D542BCD21A10002196D /* Assets.xcassets */,
				8CC62D562BCD21A10002196D /* LaunchScreen.storyboard */,
				8CC62D592BCD21A10002196D /* Info.plist */,
			);
			path = Resources;
			sourceTree = "<group>";
		};
		8CC62D662BCD23E20002196D /* AuthorizationModule */ = {
			isa = PBXGroup;
			children = (
				8CC62D672BCD24120002196D /* SigninController */,
				8CC62D682BCD24280002196D /* SignupController */,
				8CC62D692BCD24340002196D /* PasswordResetController */,
			);
			path = AuthorizationModule;
			sourceTree = "<group>";
		};
		8CC62D672BCD24120002196D /* SigninController */ = {
			isa = PBXGroup;
			children = (
				8CC62D6A2BCD24540002196D /* Views */,
				8CC62D6E2BCD24AA0002196D /* ViewModels */,
			);
			path = SigninController;
			sourceTree = "<group>";
		};
		8CC62D682BCD24280002196D /* SignupController */ = {
			isa = PBXGroup;
			children = (
				8CC62D6F2BCD24B40002196D /* Views */,
				8CC62D702BCD24B80002196D /* ViewModels */,
			);
			path = SignupController;
			sourceTree = "<group>";
		};
		8CC62D692BCD24340002196D /* PasswordResetController */ = {
			isa = PBXGroup;
			children = (
				8CC62D712BCD24C00002196D /* Views */,
				8CC62D722BCD24C70002196D /* ViewModels */,
			);
			path = PasswordResetController;
			sourceTree = "<group>";
		};
		8CC62D6A2BCD24540002196D /* Views */ = {
			isa = PBXGroup;
			children = (
				8CDACA022BD5239A00BADFC9 /* SigninViewController.swift */,
			);
			path = Views;
			sourceTree = "<group>";
		};
		8CC62D6B2BCD246A0002196D /* ApplicationModule */ = {
			isa = PBXGroup;
			children = (
				8CC62D612BCD21D00002196D /* TabBarController */,
			);
			path = ApplicationModule;
			sourceTree = "<group>";
		};
		8CC62D6C2BCD24820002196D /* WelcomeScreen */ = {
			isa = PBXGroup;
			children = (
				8CC62D6D2BCD249E0002196D /* Views */,
			);
			path = WelcomeScreen;
			sourceTree = "<group>";
		};
		8CC62D6D2BCD249E0002196D /* Views */ = {
			isa = PBXGroup;
			children = (
				8CC62D7B2BCD25B90002196D /* WelcomeScreen.swift */,
				8CC62D822BCD41B30002196D /* BackgroundView.swift */,
			);
			path = Views;
			sourceTree = "<group>";
		};
		8CC62D6E2BCD24AA0002196D /* ViewModels */ = {
			isa = PBXGroup;
			children = (
				8C8E6B3A2BE29DAB0040977D /* SigninViewModel.swift */,
			);
			path = ViewModels;
			sourceTree = "<group>";
		};
		8CC62D6F2BCD24B40002196D /* Views */ = {
			isa = PBXGroup;
			children = (
				8CDACA042BD524A500BADFC9 /* SignupViewController.swift */,
				8CDACA0C2BDCF3D000BADFC9 /* WebViewerController.swift */,
			);
			path = Views;
			sourceTree = "<group>";
		};
		8CC62D702BCD24B80002196D /* ViewModels */ = {
			isa = PBXGroup;
			children = (
			);
			path = ViewModels;
			sourceTree = "<group>";
		};
		8CC62D712BCD24C00002196D /* Views */ = {
			isa = PBXGroup;
			children = (
				8CDACA082BDB9E3000BADFC9 /* PasswordResetController.swift */,
			);
			path = Views;
			sourceTree = "<group>";
		};
		8CC62D722BCD24C70002196D /* ViewModels */ = {
			isa = PBXGroup;
			children = (
			);
			path = ViewModels;
			sourceTree = "<group>";
		};
		8CC62D732BCD24DB0002196D /* SubsScreen */ = {
			isa = PBXGroup;
			children = (
				8CC62D782BCD25950002196D /* Views */,
				8CC62D792BCD25990002196D /* ViewModels */,
			);
			path = SubsScreen;
			sourceTree = "<group>";
		};
		8CC62D742BCD252E0002196D /* CalendarScren */ = {
			isa = PBXGroup;
			children = (
				8CC62D762BCD25830002196D /* Views */,
				8CC62D772BCD25880002196D /* ViewModels */,
			);
			path = CalendarScren;
			sourceTree = "<group>";
		};
		8CC62D762BCD25830002196D /* Views */ = {
			isa = PBXGroup;
			children = (
				8CA2E1362BE3BC230093A0BA /* CalendarViewController.swift */,
			);
			path = Views;
			sourceTree = "<group>";
		};
		8CC62D772BCD25880002196D /* ViewModels */ = {
			isa = PBXGroup;
			children = (
			);
			path = ViewModels;
			sourceTree = "<group>";
		};
		8CC62D782BCD25950002196D /* Views */ = {
			isa = PBXGroup;
			children = (
				8CA2E1332BE3BBAE0093A0BA /* SubsViewController.swift */,
			);
			path = Views;
			sourceTree = "<group>";
		};
		8CC62D792BCD25990002196D /* ViewModels */ = {
			isa = PBXGroup;
			children = (
			);
			path = ViewModels;
			sourceTree = "<group>";
		};
		8CC62D7D2BCD26570002196D /* Helpers */ = {
			isa = PBXGroup;
			children = (
				8CC62D802BCD32AD0002196D /* UIColor+Extensions.swift */,
				8CDACA062BD525AD00BADFC9 /* UIViewController+Extensions.swift */,
				8CDACA0A2BDCE0DC00BADFC9 /* UINavigationController+Extnesions.swift */,
				8C1F197C2BE82D98002513D8 /* OtherExtensions.swift */,
				8C1F197E2BEA32B9002513D8 /* CategoryCell+Extensons.swift */,
			);
			path = Helpers;
			sourceTree = "<group>";
		};
		8CDACA0E2BDD35C300BADFC9 /* Managers */ = {
			isa = PBXGroup;
			children = (
				8CDACA0F2BDD35DC00BADFC9 /* AlertManager.swift */,
				8C8E6B322BE0F8370040977D /* AuthService.swift */,
				8C8E6B382BE299EB0040977D /* ValidationManager.swift */,
			);
			path = Managers;
			sourceTree = "<group>";
		};
		9BE68C6DB9AE13A2C6993CCA /* Frameworks */ = {
			isa = PBXGroup;
			children = (
				23D7C56AAFD2778D42FAC7B2 /* Pods_Trackizer.framework */,
			);
			name = Frameworks;
			sourceTree = "<group>";
		};
/* End PBXGroup section */

/* Begin PBXNativeTarget section */
		8CC62D472BCD219F0002196D /* Trackizer */ = {
			isa = PBXNativeTarget;
			buildConfigurationList = 8CC62D5C2BCD21A10002196D /* Build configuration list for PBXNativeTarget "Trackizer" */;
			buildPhases = (
				4CB4566F07E95330C976C6AA /* [CP] Check Pods Manifest.lock */,
				8CC62D442BCD219F0002196D /* Sources */,
				8CC62D452BCD219F0002196D /* Frameworks */,
				8CC62D462BCD219F0002196D /* Resources */,
				698DB5AF2A6FFD918635A415 /* [CP] Embed Pods Frameworks */,
			);
			buildRules = (
			);
			dependencies = (
			);
			name = Trackizer;
			productName = Trackizer;
			productReference = 8CC62D482BCD219F0002196D /* Trackizer.app */;
			productType = "com.apple.product-type.application";
		};
/* End PBXNativeTarget section */

/* Begin PBXProject section */
		8CC62D402BCD219F0002196D /* Project object */ = {
			isa = PBXProject;
			attributes = {
				BuildIndependentTargetsInParallel = 1;
				LastSwiftUpdateCheck = 1530;
				LastUpgradeCheck = 1530;
				TargetAttributes = {
					8CC62D472BCD219F0002196D = {
						CreatedOnToolsVersion = 15.3;
					};
				};
			};
			buildConfigurationList = 8CC62D432BCD219F0002196D /* Build configuration list for PBXProject "Trackizer" */;
			compatibilityVersion = "Xcode 14.0";
			developmentRegion = en;
			hasScannedForEncodings = 0;
			knownRegions = (
				en,
				Base,
			);
			mainGroup = 8CC62D3F2BCD219F0002196D;
			productRefGroup = 8CC62D492BCD219F0002196D /* Products */;
			projectDirPath = "";
			projectRoot = "";
			targets = (
				8CC62D472BCD219F0002196D /* Trackizer */,
			);
		};
/* End PBXProject section */

/* Begin PBXResourcesBuildPhase section */
		8CC62D462BCD219F0002196D /* Resources */ = {
			isa = PBXResourcesBuildPhase;
			buildActionMask = 2147483647;
			files = (
				8CC62D552BCD21A10002196D /* Assets.xcassets in Resources */,
				8CC62D582BCD21A10002196D /* Base in Resources */,
				8CDACA122BE0E6F000BADFC9 /* GoogleService-Info.plist in Resources */,
			);
			runOnlyForDeploymentPostprocessing = 0;
		};
/* End PBXResourcesBuildPhase section */

/* Begin PBXShellScriptBuildPhase section */
		4CB4566F07E95330C976C6AA /* [CP] Check Pods Manifest.lock */ = {
			isa = PBXShellScriptBuildPhase;
			buildActionMask = 2147483647;
			files = (
			);
			inputFileListPaths = (
			);
			inputPaths = (
				"${PODS_PODFILE_DIR_PATH}/Podfile.lock",
				"${PODS_ROOT}/Manifest.lock",
			);
			name = "[CP] Check Pods Manifest.lock";
			outputFileListPaths = (
			);
			outputPaths = (
				"$(DERIVED_FILE_DIR)/Pods-Trackizer-checkManifestLockResult.txt",
			);
			runOnlyForDeploymentPostprocessing = 0;
			shellPath = /bin/sh;
			shellScript = "diff \"${PODS_PODFILE_DIR_PATH}/Podfile.lock\" \"${PODS_ROOT}/Manifest.lock\" > /dev/null\nif [ $? != 0 ] ; then\n    # print error to STDERR\n    echo \"error: The sandbox is not in sync with the Podfile.lock. Run 'pod install' or update your CocoaPods installation.\" >&2\n    exit 1\nfi\n# This output is used by Xcode 'outputs' to avoid re-running this script phase.\necho \"SUCCESS\" > \"${SCRIPT_OUTPUT_FILE_0}\"\n";
			showEnvVarsInLog = 0;
		};
		698DB5AF2A6FFD918635A415 /* [CP] Embed Pods Frameworks */ = {
			isa = PBXShellScriptBuildPhase;
			buildActionMask = 2147483647;
			files = (
			);
			inputFileListPaths = (
				"${PODS_ROOT}/Target Support Files/Pods-Trackizer/Pods-Trackizer-frameworks-${CONFIGURATION}-input-files.xcfilelist",
			);
			name = "[CP] Embed Pods Frameworks";
			outputFileListPaths = (
				"${PODS_ROOT}/Target Support Files/Pods-Trackizer/Pods-Trackizer-frameworks-${CONFIGURATION}-output-files.xcfilelist",
			);
			runOnlyForDeploymentPostprocessing = 0;
			shellPath = /bin/sh;
			shellScript = "\"${PODS_ROOT}/Target Support Files/Pods-Trackizer/Pods-Trackizer-frameworks.sh\"\n";
			showEnvVarsInLog = 0;
		};
/* End PBXShellScriptBuildPhase section */

/* Begin PBXSourcesBuildPhase section */
		8CC62D442BCD219F0002196D /* Sources */ = {
			isa = PBXSourcesBuildPhase;
			buildActionMask = 2147483647;
			files = (
				8CA2E1372BE3BC230093A0BA /* CalendarViewController.swift in Sources */,
				8CC62D832BCD41B30002196D /* BackgroundView.swift in Sources */,
				8CDACA032BD5239A00BADFC9 /* SigninViewController.swift in Sources */,
				8CDACA052BD524A500BADFC9 /* SignupViewController.swift in Sources */,
				8CDACA0B2BDCE0DC00BADFC9 /* UINavigationController+Extnesions.swift in Sources */,
				8CDACA0D2BDCF3D000BADFC9 /* WebViewerController.swift in Sources */,
				8CC62D502BCD219F0002196D /* BudgetViewController.swift in Sources */,
				8CDACA072BD525AD00BADFC9 /* UIViewController+Extensions.swift in Sources */,
				8C8E6B3B2BE29DAB0040977D /* SigninViewModel.swift in Sources */,
				8CC62D4C2BCD219F0002196D /* AppDelegate.swift in Sources */,
				8C8E6B392BE299EB0040977D /* ValidationManager.swift in Sources */,
				8CC62D7C2BCD25B90002196D /* WelcomeScreen.swift in Sources */,
				8CC62D4E2BCD219F0002196D /* SceneDelegate.swift in Sources */,
				8CDACA092BDB9E3000BADFC9 /* PasswordResetController.swift in Sources */,
				8C1F197D2BE82D98002513D8 /* OtherExtensions.swift in Sources */,
				8CDACA102BDD35DC00BADFC9 /* AlertManager.swift in Sources */,
				8C1F19822BEAE279002513D8 /* AddSpendsViewController.swift in Sources */,
				8C1F197F2BEA32B9002513D8 /* CategoryCell+Extensons.swift in Sources */,
				8CA2E1342BE3BBAE0093A0BA /* SubsViewController.swift in Sources */,
				8CC62D812BCD32AD0002196D /* UIColor+Extensions.swift in Sources */,
				8C9297242BE7B67A004FE8E1 /* IncomeViewController.swift in Sources */,
				8C85EA222BE3DA0F00832111 /* CategorieCell.swift in Sources */,
				8CA2E1322BE3BA500093A0BA /* MainTabarController.swift in Sources */,
				8C8E6B332BE0F8370040977D /* AuthService.swift in Sources */,
				8C8E6B372BE0F9FC0040977D /* AuthModel.swift in Sources */,
			);
			runOnlyForDeploymentPostprocessing = 0;
		};
/* End PBXSourcesBuildPhase section */

/* Begin PBXVariantGroup section */
		8CC62D562BCD21A10002196D /* LaunchScreen.storyboard */ = {
			isa = PBXVariantGroup;
			children = (
				8CC62D572BCD21A10002196D /* Base */,
			);
			name = LaunchScreen.storyboard;
			sourceTree = "<group>";
		};
/* End PBXVariantGroup section */

/* Begin XCBuildConfiguration section */
		8CC62D5A2BCD21A10002196D /* Debug */ = {
			isa = XCBuildConfiguration;
			buildSettings = {
				ALWAYS_SEARCH_USER_PATHS = NO;
				ASSETCATALOG_COMPILER_GENERATE_SWIFT_ASSET_SYMBOL_EXTENSIONS = YES;
				CLANG_ANALYZER_NONNULL = YES;
				CLANG_ANALYZER_NUMBER_OBJECT_CONVERSION = YES_AGGRESSIVE;
				CLANG_CXX_LANGUAGE_STANDARD = "gnu++20";
				CLANG_ENABLE_MODULES = YES;
				CLANG_ENABLE_OBJC_ARC = YES;
				CLANG_ENABLE_OBJC_WEAK = YES;
				CLANG_WARN_BLOCK_CAPTURE_AUTORELEASING = YES;
				CLANG_WARN_BOOL_CONVERSION = YES;
				CLANG_WARN_COMMA = YES;
				CLANG_WARN_CONSTANT_CONVERSION = YES;
				CLANG_WARN_DEPRECATED_OBJC_IMPLEMENTATIONS = YES;
				CLANG_WARN_DIRECT_OBJC_ISA_USAGE = YES_ERROR;
				CLANG_WARN_DOCUMENTATION_COMMENTS = YES;
				CLANG_WARN_EMPTY_BODY = YES;
				CLANG_WARN_ENUM_CONVERSION = YES;
				CLANG_WARN_INFINITE_RECURSION = YES;
				CLANG_WARN_INT_CONVERSION = YES;
				CLANG_WARN_NON_LITERAL_NULL_CONVERSION = YES;
				CLANG_WARN_OBJC_IMPLICIT_RETAIN_SELF = YES;
				CLANG_WARN_OBJC_LITERAL_CONVERSION = YES;
				CLANG_WARN_OBJC_ROOT_CLASS = YES_ERROR;
				CLANG_WARN_QUOTED_INCLUDE_IN_FRAMEWORK_HEADER = YES;
				CLANG_WARN_RANGE_LOOP_ANALYSIS = YES;
				CLANG_WARN_STRICT_PROTOTYPES = YES;
				CLANG_WARN_SUSPICIOUS_MOVE = YES;
				CLANG_WARN_UNGUARDED_AVAILABILITY = YES_AGGRESSIVE;
				CLANG_WARN_UNREACHABLE_CODE = YES;
				CLANG_WARN__DUPLICATE_METHOD_MATCH = YES;
				COPY_PHASE_STRIP = NO;
				DEBUG_INFORMATION_FORMAT = dwarf;
				ENABLE_STRICT_OBJC_MSGSEND = YES;
				ENABLE_TESTABILITY = YES;
				ENABLE_USER_SCRIPT_SANDBOXING = NO;
				GCC_C_LANGUAGE_STANDARD = gnu17;
				GCC_DYNAMIC_NO_PIC = NO;
				GCC_NO_COMMON_BLOCKS = YES;
				GCC_OPTIMIZATION_LEVEL = 0;
				GCC_PREPROCESSOR_DEFINITIONS = (
					"DEBUG=1",
					"$(inherited)",
				);
				GCC_WARN_64_TO_32_BIT_CONVERSION = YES;
				GCC_WARN_ABOUT_RETURN_TYPE = YES_ERROR;
				GCC_WARN_UNDECLARED_SELECTOR = YES;
				GCC_WARN_UNINITIALIZED_AUTOS = YES_AGGRESSIVE;
				GCC_WARN_UNUSED_FUNCTION = YES;
				GCC_WARN_UNUSED_VARIABLE = YES;
				IPHONEOS_DEPLOYMENT_TARGET = 17.4;
				LOCALIZATION_PREFERS_STRING_CATALOGS = YES;
				MTL_ENABLE_DEBUG_INFO = INCLUDE_SOURCE;
				MTL_FAST_MATH = YES;
				ONLY_ACTIVE_ARCH = YES;
				SDKROOT = iphoneos;
				SWIFT_ACTIVE_COMPILATION_CONDITIONS = "DEBUG $(inherited)";
				SWIFT_OPTIMIZATION_LEVEL = "-Onone";
			};
			name = Debug;
		};
		8CC62D5B2BCD21A10002196D /* Release */ = {
			isa = XCBuildConfiguration;
			buildSettings = {
				ALWAYS_SEARCH_USER_PATHS = NO;
				ASSETCATALOG_COMPILER_GENERATE_SWIFT_ASSET_SYMBOL_EXTENSIONS = YES;
				CLANG_ANALYZER_NONNULL = YES;
				CLANG_ANALYZER_NUMBER_OBJECT_CONVERSION = YES_AGGRESSIVE;
				CLANG_CXX_LANGUAGE_STANDARD = "gnu++20";
				CLANG_ENABLE_MODULES = YES;
				CLANG_ENABLE_OBJC_ARC = YES;
				CLANG_ENABLE_OBJC_WEAK = YES;
				CLANG_WARN_BLOCK_CAPTURE_AUTORELEASING = YES;
				CLANG_WARN_BOOL_CONVERSION = YES;
				CLANG_WARN_COMMA = YES;
				CLANG_WARN_CONSTANT_CONVERSION = YES;
				CLANG_WARN_DEPRECATED_OBJC_IMPLEMENTATIONS = YES;
				CLANG_WARN_DIRECT_OBJC_ISA_USAGE = YES_ERROR;
				CLANG_WARN_DOCUMENTATION_COMMENTS = YES;
				CLANG_WARN_EMPTY_BODY = YES;
				CLANG_WARN_ENUM_CONVERSION = YES;
				CLANG_WARN_INFINITE_RECURSION = YES;
				CLANG_WARN_INT_CONVERSION = YES;
				CLANG_WARN_NON_LITERAL_NULL_CONVERSION = YES;
				CLANG_WARN_OBJC_IMPLICIT_RETAIN_SELF = YES;
				CLANG_WARN_OBJC_LITERAL_CONVERSION = YES;
				CLANG_WARN_OBJC_ROOT_CLASS = YES_ERROR;
				CLANG_WARN_QUOTED_INCLUDE_IN_FRAMEWORK_HEADER = YES;
				CLANG_WARN_RANGE_LOOP_ANALYSIS = YES;
				CLANG_WARN_STRICT_PROTOTYPES = YES;
				CLANG_WARN_SUSPICIOUS_MOVE = YES;
				CLANG_WARN_UNGUARDED_AVAILABILITY = YES_AGGRESSIVE;
				CLANG_WARN_UNREACHABLE_CODE = YES;
				CLANG_WARN__DUPLICATE_METHOD_MATCH = YES;
				COPY_PHASE_STRIP = NO;
				DEBUG_INFORMATION_FORMAT = "dwarf-with-dsym";
				ENABLE_NS_ASSERTIONS = NO;
				ENABLE_STRICT_OBJC_MSGSEND = YES;
				ENABLE_USER_SCRIPT_SANDBOXING = NO;
				GCC_C_LANGUAGE_STANDARD = gnu17;
				GCC_NO_COMMON_BLOCKS = YES;
				GCC_WARN_64_TO_32_BIT_CONVERSION = YES;
				GCC_WARN_ABOUT_RETURN_TYPE = YES_ERROR;
				GCC_WARN_UNDECLARED_SELECTOR = YES;
				GCC_WARN_UNINITIALIZED_AUTOS = YES_AGGRESSIVE;
				GCC_WARN_UNUSED_FUNCTION = YES;
				GCC_WARN_UNUSED_VARIABLE = YES;
				IPHONEOS_DEPLOYMENT_TARGET = 17.4;
				LOCALIZATION_PREFERS_STRING_CATALOGS = YES;
				MTL_ENABLE_DEBUG_INFO = NO;
				MTL_FAST_MATH = YES;
				SDKROOT = iphoneos;
				SWIFT_COMPILATION_MODE = wholemodule;
				VALIDATE_PRODUCT = YES;
			};
			name = Release;
		};
		8CC62D5D2BCD21A10002196D /* Debug */ = {
			isa = XCBuildConfiguration;
			baseConfigurationReference = 14065D4B0B30DE62C75376E5 /* Pods-Trackizer.debug.xcconfig */;
			buildSettings = {
				ASSETCATALOG_COMPILER_APPICON_NAME = AppIcon;
				ASSETCATALOG_COMPILER_GLOBAL_ACCENT_COLOR_NAME = AccentColor;
				CODE_SIGN_STYLE = Automatic;
				CURRENT_PROJECT_VERSION = 1;
				DEVELOPMENT_TEAM = B8GS4783WX;
				GENERATE_INFOPLIST_FILE = YES;
				INFOPLIST_FILE = Trackizer/Resources/Info.plist;
				INFOPLIST_KEY_CFBundleDisplayName = Trackizer;
				INFOPLIST_KEY_UIApplicationSupportsIndirectInputEvents = YES;
				INFOPLIST_KEY_UILaunchStoryboardName = LaunchScreen;
				INFOPLIST_KEY_UIStatusBarStyle = UIStatusBarStyleDarkContent;
				INFOPLIST_KEY_UISupportedInterfaceOrientations = UIInterfaceOrientationPortrait;
				INFOPLIST_KEY_UISupportedInterfaceOrientations_iPad = "UIInterfaceOrientationLandscapeLeft UIInterfaceOrientationLandscapeRight UIInterfaceOrientationPortraitUpsideDown";
				IPHONEOS_DEPLOYMENT_TARGET = 14.2;
				LD_RUNPATH_SEARCH_PATHS = (
					"$(inherited)",
					"@executable_path/Frameworks",
				);
				MARKETING_VERSION = 1.0;
				PRODUCT_BUNDLE_IDENTIFIER = AA.Trackizer;
				PRODUCT_NAME = "$(TARGET_NAME)";
				SUPPORTED_PLATFORMS = "iphoneos iphonesimulator";
				SUPPORTS_MACCATALYST = NO;
				SUPPORTS_MAC_DESIGNED_FOR_IPHONE_IPAD = NO;
				SUPPORTS_XR_DESIGNED_FOR_IPHONE_IPAD = NO;
				SWIFT_EMIT_LOC_STRINGS = YES;
				SWIFT_VERSION = 5.0;
				TARGETED_DEVICE_FAMILY = 1;
			};
			name = Debug;
		};
		8CC62D5E2BCD21A10002196D /* Release */ = {
			isa = XCBuildConfiguration;
			baseConfigurationReference = B273BA65B2EACD31773CD1CD /* Pods-Trackizer.release.xcconfig */;
			buildSettings = {
				ASSETCATALOG_COMPILER_APPICON_NAME = AppIcon;
				ASSETCATALOG_COMPILER_GLOBAL_ACCENT_COLOR_NAME = AccentColor;
				CODE_SIGN_STYLE = Automatic;
				CURRENT_PROJECT_VERSION = 1;
				DEVELOPMENT_TEAM = B8GS4783WX;
				GENERATE_INFOPLIST_FILE = YES;
				INFOPLIST_FILE = Trackizer/Resources/Info.plist;
				INFOPLIST_KEY_CFBundleDisplayName = Trackizer;
				INFOPLIST_KEY_UIApplicationSupportsIndirectInputEvents = YES;
				INFOPLIST_KEY_UILaunchStoryboardName = LaunchScreen;
				INFOPLIST_KEY_UIStatusBarStyle = UIStatusBarStyleDarkContent;
				INFOPLIST_KEY_UISupportedInterfaceOrientations = UIInterfaceOrientationPortrait;
				INFOPLIST_KEY_UISupportedInterfaceOrientations_iPad = "UIInterfaceOrientationLandscapeLeft UIInterfaceOrientationLandscapeRight UIInterfaceOrientationPortraitUpsideDown";
				IPHONEOS_DEPLOYMENT_TARGET = 14.2;
				LD_RUNPATH_SEARCH_PATHS = (
					"$(inherited)",
					"@executable_path/Frameworks",
				);
				MARKETING_VERSION = 1.0;
				PRODUCT_BUNDLE_IDENTIFIER = AA.Trackizer;
				PRODUCT_NAME = "$(TARGET_NAME)";
				SUPPORTED_PLATFORMS = "iphoneos iphonesimulator";
				SUPPORTS_MACCATALYST = NO;
				SUPPORTS_MAC_DESIGNED_FOR_IPHONE_IPAD = NO;
				SUPPORTS_XR_DESIGNED_FOR_IPHONE_IPAD = NO;
				SWIFT_EMIT_LOC_STRINGS = YES;
				SWIFT_VERSION = 5.0;
				TARGETED_DEVICE_FAMILY = 1;
			};
			name = Release;
		};
/* End XCBuildConfiguration section */

/* Begin XCConfigurationList section */
		8CC62D432BCD219F0002196D /* Build configuration list for PBXProject "Trackizer" */ = {
			isa = XCConfigurationList;
			buildConfigurations = (
				8CC62D5A2BCD21A10002196D /* Debug */,
				8CC62D5B2BCD21A10002196D /* Release */,
			);
			defaultConfigurationIsVisible = 0;
			defaultConfigurationName = Release;
		};
		8CC62D5C2BCD21A10002196D /* Build configuration list for PBXNativeTarget "Trackizer" */ = {
			isa = XCConfigurationList;
			buildConfigurations = (
				8CC62D5D2BCD21A10002196D /* Debug */,
				8CC62D5E2BCD21A10002196D /* Release */,
			);
			defaultConfigurationIsVisible = 0;
			defaultConfigurationName = Release;
		};
/* End XCConfigurationList section */
	};
	rootObject = 8CC62D402BCD219F0002196D /* Project object */;
}
